{
  "name": "ntru",
  "version": "1.0.0",
  "lockfileVersion": 1,
  "requires": true,
  "dependencies": {
    "big-integer": {
      "version": "1.6.48",
      "resolved": "https://registry.npmjs.org/big-integer/-/big-integer-1.6.48.tgz",
      "integrity": "sha512-j51egjPa7/i+RdiRuJbPdJ2FIUYYPhvYLjzoYbcMMm62ooO6F94fETG4MTs46zPAF9Brs04OajboA/qTGuz78w=="
    },
    "complex.js": {
      "version": "2.0.11",
      "resolved": "https://registry.npmjs.org/complex.js/-/complex.js-2.0.11.tgz",
      "integrity": "sha512-6IArJLApNtdg1P1dFtn3dnyzoZBEF0MwMnrfF1exSBRpZYoy4yieMkpZhQDC0uwctw48vii0CFVyHfpgZ/DfGw=="
    },
    "fraction.js": {
      "version": "4.0.12",
      "resolved": "https://registry.npmjs.org/fraction.js/-/fraction.js-4.0.12.tgz",
      "integrity": "sha512-8Z1K0VTG4hzYY7kA/1sj4/r1/RWLBD3xwReT/RCrUCbzPszjNQCCsy3ktkU/eaEqX3MYa4pY37a52eiBlPMlhA=="
    },
    "polynomial": {
      "version": "1.4.5",
      "resolved": "https://registry.npmjs.org/polynomial/-/polynomial-1.4.5.tgz",
      "integrity": "sha512-ZLWaN9tWUk0v0G3yc5y4F4qDHFZS0bUIqtan9fUeU/sacSM1EP3TwA5H8ophhd9sxjzowu9gN5bktNzFotMfcA==",
      "requires": {
        "big-integer": "*",
        "complex.js": "*",
        "fraction.js": "*",
        "quaternion": "*"
      }
    },
    "quaternion": {
      "version": "1.1.0",
      "resolved": "https://registry.npmjs.org/quaternion/-/quaternion-1.1.0.tgz",
      "integrity": "sha512-mLTtnzuMtUzguemuvsxD+KPS4F05H1Bw/4cNsQQvzfvPEGvkmWLRoAKsHT0V9go4X4hOU3LCtuxqWXQi3JN+SA=="
    }
  }
}
